
Microsoft Visual Studio Solution File, Format Version 12.00
# Visual Studio 15
VisualStudioVersion = 15.0.27130.2036
MinimumVisualStudioVersion = 10.0.40219.1
Project("{FAE04EC0-301F-11D3-BF4B-00C04F79EFBC}") = "program_14", "program_14\program_14.csproj", "{743CAEEE-914F-414D-9ECE-71799ACFE7AA}"
EndProject
Project("{FAE04EC0-301F-11D3-BF4B-00C04F79EFBC}") = "TranspSredstvLib", "..\..\..\Libraries\C#\TranspSredstv\TranspSredstv\TranspSredstvLib.csproj", "{CFD73F76-6D97-43C4-BA1F-08726FC4026C}"
EndProject
Project("{FAE04EC0-301F-11D3-BF4B-00C04F79EFBC}") = "ArrayExceptionHandling", "..\..\..\Libraries\C#\ArrayExceptionHandling\ArrayExceptionHandling\ArrayExceptionHandling.csproj", "{F1D56A6E-3586-4CEC-960B-AD437E7DD8D1}"
EndProject
Global
	GlobalSection(SolutionConfigurationPlatforms) = preSolution
		Debug|Any CPU = Debug|Any CPU
		Release|Any CPU = Release|Any CPU
	EndGlobalSection
	GlobalSection(ProjectConfigurationPlatforms) = postSolution
		{743CAEEE-914F-414D-9ECE-71799ACFE7AA}.Debug|Any CPU.ActiveCfg = Debug|Any CPU
		{743CAEEE-914F-414D-9ECE-71799ACFE7AA}.Debug|Any CPU.Build.0 = Debug|Any CPU
		{743CAEEE-914F-414D-9ECE-71799ACFE7AA}.Release|Any CPU.ActiveCfg = Release|Any CPU
		{743CAEEE-914F-414D-9ECE-71799ACFE7AA}.Release|Any CPU.Build.0 = Release|Any CPU
		{CFD73F76-6D97-43C4-BA1F-08726FC4026C}.Debug|Any CPU.ActiveCfg = Debug|Any CPU
		{CFD73F76-6D97-43C4-BA1F-08726FC4026C}.Debug|Any CPU.Build.0 = Debug|Any CPU
		{CFD73F76-6D97-43C4-BA1F-08726FC4026C}.Release|Any CPU.ActiveCfg = Release|Any CPU
		{CFD73F76-6D97-43C4-BA1F-08726FC4026C}.Release|Any CPU.Build.0 = Release|Any CPU
		{F1D56A6E-3586-4CEC-960B-AD437E7DD8D1}.Debug|Any CPU.ActiveCfg = Debug|Any CPU
		{F1D56A6E-3586-4CEC-960B-AD437E7DD8D1}.Debug|Any CPU.Build.0 = Debug|Any CPU
		{F1D56A6E-3586-4CEC-960B-AD437E7DD8D1}.Release|Any CPU.ActiveCfg = Release|Any CPU
		{F1D56A6E-3586-4CEC-960B-AD437E7DD8D1}.Release|Any CPU.Build.0 = Release|Any CPU
	EndGlobalSection
	GlobalSection(SolutionProperties) = preSolution
		HideSolutionNode = FALSE
	EndGlobalSection
	GlobalSection(ExtensibilityGlobals) = postSolution
		SolutionGuid = {8B9EC1B2-16BF-4991-8BC1-2EBDE27E302B}
	EndGlobalSection
EndGlobal
